
Microsoft Visual Studio Solution File, Format Version 9.00
# Visual Studio 2005
Project("{D2ABAB84-BF74-430A-B69E-9DC6D40DDA17}") = "AVA_PISystem_AS", "AVA_PISystem_AS\AVA_PISystem_AS.dwproj", "{57E64B0B-3ED2-4CA6-AFEE-67AD29289ACD}"
EndProject
Global
	GlobalSection(SolutionConfigurationPlatforms) = preSolution
		Development|Default = Development|Default
	EndGlobalSection
	GlobalSection(ProjectConfigurationPlatforms) = postSolution
		{57E64B0B-3ED2-4CA6-AFEE-67AD29289ACD}.Development|Default.ActiveCfg = Development
		{57E64B0B-3ED2-4CA6-AFEE-67AD29289ACD}.Development|Default.Build.0 = Development
		{57E64B0B-3ED2-4CA6-AFEE-67AD29289ACD}.Development|Default.Deploy.0 = Development
	EndGlobalSection
	GlobalSection(SolutionProperties) = preSolution
		HideSolutionNode = FALSE
	EndGlobalSection
EndGlobal
